
Microsoft Visual Studio Solution File, Format Version 12.00
# Visual Studio 15
VisualStudioVersion = 15.0.27130.2027
MinimumVisualStudioVersion = 10.0.40219.1
Project("{FAE04EC0-301F-11D3-BF4B-00C04F79EFBC}") = "RemoteFileSync", "RemoteFileSync\RemoteFileSync.csproj", "{57935D8F-F6C0-45E5-BB7B-ED2535563BCB}"
EndProject
Global
	GlobalSection(SolutionConfigurationPlatforms) = preSolution
		Debug|Any CPU = Debug|Any CPU
		Release|Any CPU = Release|Any CPU
	EndGlobalSection
	GlobalSection(ProjectConfigurationPlatforms) = postSolution
		{57935D8F-F6C0-45E5-BB7B-ED2535563BCB}.Debug|Any CPU.ActiveCfg = Debug|Any CPU
		{57935D8F-F6C0-45E5-BB7B-ED2535563BCB}.Debug|Any CPU.Build.0 = Debug|Any CPU
		{57935D8F-F6C0-45E5-BB7B-ED2535563BCB}.Release|Any CPU.ActiveCfg = Release|Any CPU
		{57935D8F-F6C0-45E5-BB7B-ED2535563BCB}.Release|Any CPU.Build.0 = Release|Any CPU
	EndGlobalSection
	GlobalSection(SolutionProperties) = preSolution
		HideSolutionNode = FALSE
	EndGlobalSection
	GlobalSection(ExtensibilityGlobals) = postSolution
		SolutionGuid = {4F68757A-400A-4D10-990F-EA9DDEAA5676}
	EndGlobalSection
EndGlobal
